
Microsoft Visual Studio Solution File, Format Version 12.00
# Visual Studio Version 17
VisualStudioVersion = 17.3.32922.545
MinimumVisualStudioVersion = 10.0.40219.1
Project("{FAE04EC0-301F-11D3-BF4B-00C04F79EFBC}") = "UI_Core_BlogSite", "Core_BlogSite\UI_Core_BlogSite.csproj", "{89DF841B-C879-4C75-BFAD-5BCC25689840}"
EndProject
Project("{FAE04EC0-301F-11D3-BF4B-00C04F79EFBC}") = "Entity", "Entity\Entity.csproj", "{2836AAF4-6B45-4126-8E16-5E0E38F64CB6}"
EndProject
Project("{FAE04EC0-301F-11D3-BF4B-00C04F79EFBC}") = "DataAccess", "DataAccess\DataAccess.csproj", "{AAA8FED9-E04A-4963-868F-A6399EE6EF3D}"
EndProject
Project("{FAE04EC0-301F-11D3-BF4B-00C04F79EFBC}") = "Business", "Business\Business.csproj", "{7C992A1B-0F94-49EA-82F0-80DF845FEFF7}"
EndProject
Project("{FAE04EC0-301F-11D3-BF4B-00C04F79EFBC}") = "Core", "Core\Core.csproj", "{247FE017-C2D1-4EA2-8E82-C2A1581B43C2}"
EndProject
Global
	GlobalSection(SolutionConfigurationPlatforms) = preSolution
		Debug|Any CPU = Debug|Any CPU
		Release|Any CPU = Release|Any CPU
	EndGlobalSection
	GlobalSection(ProjectConfigurationPlatforms) = postSolution
		{89DF841B-C879-4C75-BFAD-5BCC25689840}.Debug|Any CPU.ActiveCfg = Debug|Any CPU
		{89DF841B-C879-4C75-BFAD-5BCC25689840}.Debug|Any CPU.Build.0 = Debug|Any CPU
		{89DF841B-C879-4C75-BFAD-5BCC25689840}.Release|Any CPU.ActiveCfg = Release|Any CPU
		{89DF841B-C879-4C75-BFAD-5BCC25689840}.Release|Any CPU.Build.0 = Release|Any CPU
		{2836AAF4-6B45-4126-8E16-5E0E38F64CB6}.Debug|Any CPU.ActiveCfg = Debug|Any CPU
		{2836AAF4-6B45-4126-8E16-5E0E38F64CB6}.Debug|Any CPU.Build.0 = Debug|Any CPU
		{2836AAF4-6B45-4126-8E16-5E0E38F64CB6}.Release|Any CPU.ActiveCfg = Release|Any CPU
		{2836AAF4-6B45-4126-8E16-5E0E38F64CB6}.Release|Any CPU.Build.0 = Release|Any CPU
		{AAA8FED9-E04A-4963-868F-A6399EE6EF3D}.Debug|Any CPU.ActiveCfg = Debug|Any CPU
		{AAA8FED9-E04A-4963-868F-A6399EE6EF3D}.Debug|Any CPU.Build.0 = Debug|Any CPU
		{AAA8FED9-E04A-4963-868F-A6399EE6EF3D}.Release|Any CPU.ActiveCfg = Release|Any CPU
		{AAA8FED9-E04A-4963-868F-A6399EE6EF3D}.Release|Any CPU.Build.0 = Release|Any CPU
		{7C992A1B-0F94-49EA-82F0-80DF845FEFF7}.Debug|Any CPU.ActiveCfg = Debug|Any CPU
		{7C992A1B-0F94-49EA-82F0-80DF845FEFF7}.Debug|Any CPU.Build.0 = Debug|Any CPU
		{7C992A1B-0F94-49EA-82F0-80DF845FEFF7}.Release|Any CPU.ActiveCfg = Release|Any CPU
		{7C992A1B-0F94-49EA-82F0-80DF845FEFF7}.Release|Any CPU.Build.0 = Release|Any CPU
		{247FE017-C2D1-4EA2-8E82-C2A1581B43C2}.Debug|Any CPU.ActiveCfg = Debug|Any CPU
		{247FE017-C2D1-4EA2-8E82-C2A1581B43C2}.Debug|Any CPU.Build.0 = Debug|Any CPU
		{247FE017-C2D1-4EA2-8E82-C2A1581B43C2}.Release|Any CPU.ActiveCfg = Release|Any CPU
		{247FE017-C2D1-4EA2-8E82-C2A1581B43C2}.Release|Any CPU.Build.0 = Release|Any CPU
	EndGlobalSection
	GlobalSection(SolutionProperties) = preSolution
		HideSolutionNode = FALSE
	EndGlobalSection
	GlobalSection(ExtensibilityGlobals) = postSolution
		SolutionGuid = {9BE50F2A-4972-40E6-9E0A-3F97727A6194}
	EndGlobalSection
EndGlobal
